
Microsoft Visual Studio Solution File, Format Version 12.00
# Visual Studio Version 16
VisualStudioVersion = 16.0.30114.105
MinimumVisualStudioVersion = 10.0.40219.1
Project("{9A19103F-16F7-4668-BE54-9A1E7A4F7556}") = "EfDataAccess", "EfDataAccess\EfDataAccess.csproj", "{685C419F-37EB-4651-99FE-E29DEE135A74}"
EndProject
Project("{9A19103F-16F7-4668-BE54-9A1E7A4F7556}") = "Domain", "Domain\Domain.csproj", "{57D1B567-D0CB-4675-8B30-0F5C8A3E2BD6}"
EndProject
Project("{9A19103F-16F7-4668-BE54-9A1E7A4F7556}") = "Application", "Application\Application.csproj", "{8FBFE550-48C7-475B-80DB-24B605DBBDF2}"
EndProject
Project("{9A19103F-16F7-4668-BE54-9A1E7A4F7556}") = "Implementation", "Implementation\Implementation.csproj", "{032C9B1A-1B6A-4DD5-9F46-5F802D1BC889}"
EndProject
Project("{FAE04EC0-301F-11D3-BF4B-00C04F79EFBC}") = "Api", "Api\Api.csproj", "{886CDBA1-8FCE-41B7-830E-726C927C7E1C}"
EndProject
Global
	GlobalSection(SolutionConfigurationPlatforms) = preSolution
		Debug|Any CPU = Debug|Any CPU
		Release|Any CPU = Release|Any CPU
	EndGlobalSection
	GlobalSection(ProjectConfigurationPlatforms) = postSolution
		{685C419F-37EB-4651-99FE-E29DEE135A74}.Debug|Any CPU.ActiveCfg = Debug|Any CPU
		{685C419F-37EB-4651-99FE-E29DEE135A74}.Debug|Any CPU.Build.0 = Debug|Any CPU
		{685C419F-37EB-4651-99FE-E29DEE135A74}.Release|Any CPU.ActiveCfg = Release|Any CPU
		{685C419F-37EB-4651-99FE-E29DEE135A74}.Release|Any CPU.Build.0 = Release|Any CPU
		{57D1B567-D0CB-4675-8B30-0F5C8A3E2BD6}.Debug|Any CPU.ActiveCfg = Debug|Any CPU
		{57D1B567-D0CB-4675-8B30-0F5C8A3E2BD6}.Debug|Any CPU.Build.0 = Debug|Any CPU
		{57D1B567-D0CB-4675-8B30-0F5C8A3E2BD6}.Release|Any CPU.ActiveCfg = Release|Any CPU
		{57D1B567-D0CB-4675-8B30-0F5C8A3E2BD6}.Release|Any CPU.Build.0 = Release|Any CPU
		{8FBFE550-48C7-475B-80DB-24B605DBBDF2}.Debug|Any CPU.ActiveCfg = Debug|Any CPU
		{8FBFE550-48C7-475B-80DB-24B605DBBDF2}.Debug|Any CPU.Build.0 = Debug|Any CPU
		{8FBFE550-48C7-475B-80DB-24B605DBBDF2}.Release|Any CPU.ActiveCfg = Release|Any CPU
		{8FBFE550-48C7-475B-80DB-24B605DBBDF2}.Release|Any CPU.Build.0 = Release|Any CPU
		{032C9B1A-1B6A-4DD5-9F46-5F802D1BC889}.Debug|Any CPU.ActiveCfg = Debug|Any CPU
		{032C9B1A-1B6A-4DD5-9F46-5F802D1BC889}.Debug|Any CPU.Build.0 = Debug|Any CPU
		{032C9B1A-1B6A-4DD5-9F46-5F802D1BC889}.Release|Any CPU.ActiveCfg = Release|Any CPU
		{032C9B1A-1B6A-4DD5-9F46-5F802D1BC889}.Release|Any CPU.Build.0 = Release|Any CPU
		{886CDBA1-8FCE-41B7-830E-726C927C7E1C}.Debug|Any CPU.ActiveCfg = Debug|Any CPU
		{886CDBA1-8FCE-41B7-830E-726C927C7E1C}.Debug|Any CPU.Build.0 = Debug|Any CPU
		{886CDBA1-8FCE-41B7-830E-726C927C7E1C}.Release|Any CPU.ActiveCfg = Release|Any CPU
		{886CDBA1-8FCE-41B7-830E-726C927C7E1C}.Release|Any CPU.Build.0 = Release|Any CPU
	EndGlobalSection
	GlobalSection(SolutionProperties) = preSolution
		HideSolutionNode = FALSE
	EndGlobalSection
	GlobalSection(ExtensibilityGlobals) = postSolution
		SolutionGuid = {F2489EA8-F56D-42C6-B803-FC0F7F71E5DE}
	EndGlobalSection
EndGlobal
